
Microsoft Visual Studio Solution File, Format Version 12.00
# Visual Studio Version 17
VisualStudioVersion = 17.11.35327.3
MinimumVisualStudioVersion = 10.0.40219.1
Project("{FAE04EC0-301F-11D3-BF4B-00C04F79EFBC}") = "Bank.API.Core", "Bank.API.Core.csproj", "{9803EF35-22EF-41FC-A868-DA7F84EA4882}"
EndProject
Project("{FAE04EC0-301F-11D3-BF4B-00C04F79EFBC}") = "Bank.DataBase", "..\Bank.DataBase\Bank.DataBase.csproj", "{E8B22918-B2F0-41D3-8B64-ED93F73887B2}"
EndProject
Project("{FAE04EC0-301F-11D3-BF4B-00C04F79EFBC}") = "Bank.Core", "..\Bank.Core\Bank.Core.csproj", "{265390DE-EDDD-4FBA-B8CE-A6FF2B41EDEB}"
EndProject
Global
	GlobalSection(SolutionConfigurationPlatforms) = preSolution
		Debug|Any CPU = Debug|Any CPU
		Release|Any CPU = Release|Any CPU
	EndGlobalSection
	GlobalSection(ProjectConfigurationPlatforms) = postSolution
		{9803EF35-22EF-41FC-A868-DA7F84EA4882}.Debug|Any CPU.ActiveCfg = Debug|Any CPU
		{9803EF35-22EF-41FC-A868-DA7F84EA4882}.Debug|Any CPU.Build.0 = Debug|Any CPU
		{9803EF35-22EF-41FC-A868-DA7F84EA4882}.Release|Any CPU.ActiveCfg = Release|Any CPU
		{9803EF35-22EF-41FC-A868-DA7F84EA4882}.Release|Any CPU.Build.0 = Release|Any CPU
		{E8B22918-B2F0-41D3-8B64-ED93F73887B2}.Debug|Any CPU.ActiveCfg = Debug|Any CPU
		{E8B22918-B2F0-41D3-8B64-ED93F73887B2}.Debug|Any CPU.Build.0 = Debug|Any CPU
		{E8B22918-B2F0-41D3-8B64-ED93F73887B2}.Release|Any CPU.ActiveCfg = Release|Any CPU
		{E8B22918-B2F0-41D3-8B64-ED93F73887B2}.Release|Any CPU.Build.0 = Release|Any CPU
		{265390DE-EDDD-4FBA-B8CE-A6FF2B41EDEB}.Debug|Any CPU.ActiveCfg = Debug|Any CPU
		{265390DE-EDDD-4FBA-B8CE-A6FF2B41EDEB}.Debug|Any CPU.Build.0 = Debug|Any CPU
		{265390DE-EDDD-4FBA-B8CE-A6FF2B41EDEB}.Release|Any CPU.ActiveCfg = Release|Any CPU
		{265390DE-EDDD-4FBA-B8CE-A6FF2B41EDEB}.Release|Any CPU.Build.0 = Release|Any CPU
	EndGlobalSection
	GlobalSection(SolutionProperties) = preSolution
		HideSolutionNode = FALSE
	EndGlobalSection
	GlobalSection(ExtensibilityGlobals) = postSolution
		SolutionGuid = {C06FEF41-CFF9-4E2A-A0EA-1D8A4EAF6F03}
	EndGlobalSection
EndGlobal
